
Microsoft Visual Studio Solution File, Format Version 12.00
# Visual Studio 15
VisualStudioVersion = 15.0.28307.902
MinimumVisualStudioVersion = 10.0.40219.1
Project("{8BC9CEB8-8B4A-11D0-8D11-00A0C91BC942}") = "Server", "Server\Server.vcxproj", "{76F97FD6-B5E8-4B62-8551-5CC334CD5C42}"
EndProject
Project("{8BC9CEB8-8B4A-11D0-8D11-00A0C91BC942}") = "Client", "Client\Client.vcxproj", "{A0E8B2AA-BC6C-4AA8-9590-E2BA064E2C87}"
EndProject
Project("{8BC9CEB8-8B4A-11D0-8D11-00A0C91BC942}") = "Common", "Common\Common.vcxproj", "{D28F5659-ED46-4CE5-BAD4-ED4C00AE0391}"
EndProject
Global
	GlobalSection(SolutionConfigurationPlatforms) = preSolution
		Debug|x64 = Debug|x64
		Debug|x86 = Debug|x86
		Release|x64 = Release|x64
		Release|x86 = Release|x86
	EndGlobalSection
	GlobalSection(ProjectConfigurationPlatforms) = postSolution
		{76F97FD6-B5E8-4B62-8551-5CC334CD5C42}.Debug|x64.ActiveCfg = Debug|x64
		{76F97FD6-B5E8-4B62-8551-5CC334CD5C42}.Debug|x64.Build.0 = Debug|x64
		{76F97FD6-B5E8-4B62-8551-5CC334CD5C42}.Debug|x86.ActiveCfg = Debug|Win32
		{76F97FD6-B5E8-4B62-8551-5CC334CD5C42}.Debug|x86.Build.0 = Debug|Win32
		{76F97FD6-B5E8-4B62-8551-5CC334CD5C42}.Release|x64.ActiveCfg = Release|x64
		{76F97FD6-B5E8-4B62-8551-5CC334CD5C42}.Release|x64.Build.0 = Release|x64
		{76F97FD6-B5E8-4B62-8551-5CC334CD5C42}.Release|x86.ActiveCfg = Release|Win32
		{76F97FD6-B5E8-4B62-8551-5CC334CD5C42}.Release|x86.Build.0 = Release|Win32
		{A0E8B2AA-BC6C-4AA8-9590-E2BA064E2C87}.Debug|x64.ActiveCfg = Debug|x64
		{A0E8B2AA-BC6C-4AA8-9590-E2BA064E2C87}.Debug|x64.Build.0 = Debug|x64
		{A0E8B2AA-BC6C-4AA8-9590-E2BA064E2C87}.Debug|x86.ActiveCfg = Debug|Win32
		{A0E8B2AA-BC6C-4AA8-9590-E2BA064E2C87}.Debug|x86.Build.0 = Debug|Win32
		{A0E8B2AA-BC6C-4AA8-9590-E2BA064E2C87}.Release|x64.ActiveCfg = Release|x64
		{A0E8B2AA-BC6C-4AA8-9590-E2BA064E2C87}.Release|x64.Build.0 = Release|x64
		{A0E8B2AA-BC6C-4AA8-9590-E2BA064E2C87}.Release|x86.ActiveCfg = Release|Win32
		{A0E8B2AA-BC6C-4AA8-9590-E2BA064E2C87}.Release|x86.Build.0 = Release|Win32
		{D28F5659-ED46-4CE5-BAD4-ED4C00AE0391}.Debug|x64.ActiveCfg = Debug|x64
		{D28F5659-ED46-4CE5-BAD4-ED4C00AE0391}.Debug|x64.Build.0 = Debug|x64
		{D28F5659-ED46-4CE5-BAD4-ED4C00AE0391}.Debug|x86.ActiveCfg = Debug|Win32
		{D28F5659-ED46-4CE5-BAD4-ED4C00AE0391}.Debug|x86.Build.0 = Debug|Win32
		{D28F5659-ED46-4CE5-BAD4-ED4C00AE0391}.Release|x64.ActiveCfg = Release|x64
		{D28F5659-ED46-4CE5-BAD4-ED4C00AE0391}.Release|x64.Build.0 = Release|x64
		{D28F5659-ED46-4CE5-BAD4-ED4C00AE0391}.Release|x86.ActiveCfg = Release|Win32
		{D28F5659-ED46-4CE5-BAD4-ED4C00AE0391}.Release|x86.Build.0 = Release|Win32
	EndGlobalSection
	GlobalSection(SolutionProperties) = preSolution
		HideSolutionNode = FALSE
	EndGlobalSection
	GlobalSection(ExtensibilityGlobals) = postSolution
		SolutionGuid = {85A0E124-E191-4237-85EA-D7757F236D40}
	EndGlobalSection
EndGlobal
